{
  "requires": true,
  "lockfileVersion": 1,
  "dependencies": {
    "three": {
      "version": "0.116.1",
      "resolved": "https://registry.npmjs.org/three/-/three-0.116.1.tgz",
      "integrity": "sha512-l2JCMiA/lVZAuSrLWRYMalvpR+0j8hbIhCpfs4V6JFnw2+JQEQJ5HltNpfFr+9TDpQts1BhtcISehWf/xBGPvQ=="
    },
    "threex.oimo": {
      "version": "1.0.0",
      "resolved": "https://registry.npmjs.org/threex.oimo/-/threex.oimo-1.0.0.tgz",
      "integrity": "sha1-/eQPFgkuYLuQanNC1oXYT7mSa2A=",
      "requires": {
        "three": "^0.69.0"
      },
      "dependencies": {
        "three": {
          "version": "0.69.0",
          "resolved": "https://registry.npmjs.org/three/-/three-0.69.0.tgz",
          "integrity": "sha1-21VlOMtNejpmZcdS7Dnt/KMHIo8="
        }
      }
    }
  }
}
